
Microsoft Visual Studio Solution File, Format Version 12.00
# Visual Studio Version 17
VisualStudioVersion = 17.5.002.0
MinimumVisualStudioVersion = 10.0.40219.1
Project("{2150E333-8FDC-42A3-9474-1A3956D46DE8}") = "csharp-prep", "csharp-prep", "{48F8FF84-F5B8-4000-9855-0A2758973972}"
EndProject
Project("{9A19103F-16F7-4668-BE54-9A1E7A4F7556}") = "Prep1", "csharp-prep\Prep1\Prep1.csproj", "{433F354B-9689-4BA3-AF79-2CDCEF509839}"
EndProject
Project("{9A19103F-16F7-4668-BE54-9A1E7A4F7556}") = "Prep2", "csharp-prep\Prep2\Prep2.csproj", "{BCFFDEDE-E680-4C0B-A379-2E2D6F8BF54D}"
EndProject
Project("{9A19103F-16F7-4668-BE54-9A1E7A4F7556}") = "Prep3", "csharp-prep\Prep3\Prep3.csproj", "{17C38F70-FF04-4981-975B-FD203EA332C3}"
EndProject
Project("{9A19103F-16F7-4668-BE54-9A1E7A4F7556}") = "Prep4", "csharp-prep\Prep4\Prep4.csproj", "{916336B6-C2B0-4440-B2C7-369DFCED1BCE}"
EndProject
Project("{9A19103F-16F7-4668-BE54-9A1E7A4F7556}") = "Prep5", "csharp-prep\Prep5\Prep5.csproj", "{673202E4-97BC-4503-9064-8FFAD5098286}"
EndProject
Project("{2150E333-8FDC-42A3-9474-1A3956D46DE8}") = "final", "final", "{16E2505E-C8AB-4C4E-85C1-B9FC79E94508}"
EndProject
Project("{9A19103F-16F7-4668-BE54-9A1E7A4F7556}") = "FinalProject", "final\FinalProject\FinalProject.csproj", "{3BC1A85C-6EB3-4045-9F7A-81CDF7101189}"
EndProject
Project("{9A19103F-16F7-4668-BE54-9A1E7A4F7556}") = "Foundation1", "final\Foundation1\Foundation1.csproj", "{6A1714CD-77C2-4EB3-8E0E-FC63E04B9050}"
EndProject
Project("{9A19103F-16F7-4668-BE54-9A1E7A4F7556}") = "Foundation2", "final\Foundation2\Foundation2.csproj", "{5A2E2F0B-3C28-49EB-9724-54350C3AF609}"
EndProject
Project("{9A19103F-16F7-4668-BE54-9A1E7A4F7556}") = "Foundation3", "final\Foundation3\Foundation3.csproj", "{37CA6D09-4645-46F1-8346-37129F0A3AE0}"
EndProject
Project("{9A19103F-16F7-4668-BE54-9A1E7A4F7556}") = "Foundation4", "final\Foundation4\Foundation4.csproj", "{53258043-EAED-49F7-AA84-C13D37A8BA49}"
EndProject
Project("{2150E333-8FDC-42A3-9474-1A3956D46DE8}") = "prepare", "prepare", "{7E9A25BC-1908-427D-948E-CDD14C6A3429}"
EndProject
Project("{9A19103F-16F7-4668-BE54-9A1E7A4F7556}") = "Learning02", "prepare\Learning02\Learning02.csproj", "{F5CCAEC1-69F9-4DD4-9321-F94A48342F84}"
EndProject
Project("{9A19103F-16F7-4668-BE54-9A1E7A4F7556}") = "Learning03", "prepare\Learning03\Learning03.csproj", "{C02E0CC6-2B61-4DAA-8E97-E6274E860EB2}"
EndProject
Project("{9A19103F-16F7-4668-BE54-9A1E7A4F7556}") = "Learning04", "prepare\Learning04\Learning04.csproj", "{B2715439-71EE-44E9-8FE6-619CA2BA78A6}"
EndProject
Project("{9A19103F-16F7-4668-BE54-9A1E7A4F7556}") = "Learning05", "prepare\Learning05\Learning05.csproj", "{EA3CA3B4-D1ED-4330-A87F-23B0F67F6563}"
EndProject
Project("{2150E333-8FDC-42A3-9474-1A3956D46DE8}") = "prove", "prove", "{00C6BBA2-625F-4854-BC5D-495A48D4C7AB}"
EndProject
Project("{9A19103F-16F7-4668-BE54-9A1E7A4F7556}") = "Develop02", "prove\Develop02\Develop02.csproj", "{398C120A-3DD6-41D6-B330-FDE3678E0A93}"
EndProject
Project("{9A19103F-16F7-4668-BE54-9A1E7A4F7556}") = "Develop03", "prove\Develop03\Develop03.csproj", "{146189FA-CD99-41D0-8068-0D975A4107F2}"
EndProject
Project("{9A19103F-16F7-4668-BE54-9A1E7A4F7556}") = "Develop04", "prove\Develop04\Develop04.csproj", "{30FF5666-BA6F-40E0-B3AB-2E9F721FAD05}"
EndProject
Project("{9A19103F-16F7-4668-BE54-9A1E7A4F7556}") = "Develop05", "prove\Develop05\Develop05.csproj", "{DC38565B-CD56-46EA-8534-A117AA2CA81E}"
EndProject
Project("{2150E333-8FDC-42A3-9474-1A3956D46DE8}") = "sandbox", "sandbox", "{C03EAB8E-5EA8-4DD1-A356-CD9DF0B44E47}"
EndProject
Project("{9A19103F-16F7-4668-BE54-9A1E7A4F7556}") = "Sandbox", "sandbox\Sandbox\Sandbox.csproj", "{B81D62B3-2886-4045-B2B9-7EB5C6DF5E7C}"
EndProject
Global
	GlobalSection(SolutionConfigurationPlatforms) = preSolution
		Debug|Any CPU = Debug|Any CPU
		Release|Any CPU = Release|Any CPU
	EndGlobalSection
	GlobalSection(ProjectConfigurationPlatforms) = postSolution
		{433F354B-9689-4BA3-AF79-2CDCEF509839}.Debug|Any CPU.ActiveCfg = Debug|Any CPU
		{433F354B-9689-4BA3-AF79-2CDCEF509839}.Debug|Any CPU.Build.0 = Debug|Any CPU
		{433F354B-9689-4BA3-AF79-2CDCEF509839}.Release|Any CPU.ActiveCfg = Release|Any CPU
		{433F354B-9689-4BA3-AF79-2CDCEF509839}.Release|Any CPU.Build.0 = Release|Any CPU
		{BCFFDEDE-E680-4C0B-A379-2E2D6F8BF54D}.Debug|Any CPU.ActiveCfg = Debug|Any CPU
		{BCFFDEDE-E680-4C0B-A379-2E2D6F8BF54D}.Debug|Any CPU.Build.0 = Debug|Any CPU
		{BCFFDEDE-E680-4C0B-A379-2E2D6F8BF54D}.Release|Any CPU.ActiveCfg = Release|Any CPU
		{BCFFDEDE-E680-4C0B-A379-2E2D6F8BF54D}.Release|Any CPU.Build.0 = Release|Any CPU
		{17C38F70-FF04-4981-975B-FD203EA332C3}.Debug|Any CPU.ActiveCfg = Debug|Any CPU
		{17C38F70-FF04-4981-975B-FD203EA332C3}.Debug|Any CPU.Build.0 = Debug|Any CPU
		{17C38F70-FF04-4981-975B-FD203EA332C3}.Release|Any CPU.ActiveCfg = Release|Any CPU
		{17C38F70-FF04-4981-975B-FD203EA332C3}.Release|Any CPU.Build.0 = Release|Any CPU
		{916336B6-C2B0-4440-B2C7-369DFCED1BCE}.Debug|Any CPU.ActiveCfg = Debug|Any CPU
		{916336B6-C2B0-4440-B2C7-369DFCED1BCE}.Debug|Any CPU.Build.0 = Debug|Any CPU
		{916336B6-C2B0-4440-B2C7-369DFCED1BCE}.Release|Any CPU.ActiveCfg = Release|Any CPU
		{916336B6-C2B0-4440-B2C7-369DFCED1BCE}.Release|Any CPU.Build.0 = Release|Any CPU
		{673202E4-97BC-4503-9064-8FFAD5098286}.Debug|Any CPU.ActiveCfg = Debug|Any CPU
		{673202E4-97BC-4503-9064-8FFAD5098286}.Debug|Any CPU.Build.0 = Debug|Any CPU
		{673202E4-97BC-4503-9064-8FFAD5098286}.Release|Any CPU.ActiveCfg = Release|Any CPU
		{673202E4-97BC-4503-9064-8FFAD5098286}.Release|Any CPU.Build.0 = Release|Any CPU
		{3BC1A85C-6EB3-4045-9F7A-81CDF7101189}.Debug|Any CPU.ActiveCfg = Debug|Any CPU
		{3BC1A85C-6EB3-4045-9F7A-81CDF7101189}.Debug|Any CPU.Build.0 = Debug|Any CPU
		{3BC1A85C-6EB3-4045-9F7A-81CDF7101189}.Release|Any CPU.ActiveCfg = Release|Any CPU
		{3BC1A85C-6EB3-4045-9F7A-81CDF7101189}.Release|Any CPU.Build.0 = Release|Any CPU
		{6A1714CD-77C2-4EB3-8E0E-FC63E04B9050}.Debug|Any CPU.ActiveCfg = Debug|Any CPU
		{6A1714CD-77C2-4EB3-8E0E-FC63E04B9050}.Debug|Any CPU.Build.0 = Debug|Any CPU
		{6A1714CD-77C2-4EB3-8E0E-FC63E04B9050}.Release|Any CPU.ActiveCfg = Release|Any CPU
		{6A1714CD-77C2-4EB3-8E0E-FC63E04B9050}.Release|Any CPU.Build.0 = Release|Any CPU
		{5A2E2F0B-3C28-49EB-9724-54350C3AF609}.Debug|Any CPU.ActiveCfg = Debug|Any CPU
		{5A2E2F0B-3C28-49EB-9724-54350C3AF609}.Debug|Any CPU.Build.0 = Debug|Any CPU
		{5A2E2F0B-3C28-49EB-9724-54350C3AF609}.Release|Any CPU.ActiveCfg = Release|Any CPU
		{5A2E2F0B-3C28-49EB-9724-54350C3AF609}.Release|Any CPU.Build.0 = Release|Any CPU
		{37CA6D09-4645-46F1-8346-37129F0A3AE0}.Debug|Any CPU.ActiveCfg = Debug|Any CPU
		{37CA6D09-4645-46F1-8346-37129F0A3AE0}.Debug|Any CPU.Build.0 = Debug|Any CPU
		{37CA6D09-4645-46F1-8346-37129F0A3AE0}.Release|Any CPU.ActiveCfg = Release|Any CPU
		{37CA6D09-4645-46F1-8346-37129F0A3AE0}.Release|Any CPU.Build.0 = Release|Any CPU
		{53258043-EAED-49F7-AA84-C13D37A8BA49}.Debug|Any CPU.ActiveCfg = Debug|Any CPU
		{53258043-EAED-49F7-AA84-C13D37A8BA49}.Debug|Any CPU.Build.0 = Debug|Any CPU
		{53258043-EAED-49F7-AA84-C13D37A8BA49}.Release|Any CPU.ActiveCfg = Release|Any CPU
		{53258043-EAED-49F7-AA84-C13D37A8BA49}.Release|Any CPU.Build.0 = Release|Any CPU
		{F5CCAEC1-69F9-4DD4-9321-F94A48342F84}.Debug|Any CPU.ActiveCfg = Debug|Any CPU
		{F5CCAEC1-69F9-4DD4-9321-F94A48342F84}.Debug|Any CPU.Build.0 = Debug|Any CPU
		{F5CCAEC1-69F9-4DD4-9321-F94A48342F84}.Release|Any CPU.ActiveCfg = Release|Any CPU
		{F5CCAEC1-69F9-4DD4-9321-F94A48342F84}.Release|Any CPU.Build.0 = Release|Any CPU
		{C02E0CC6-2B61-4DAA-8E97-E6274E860EB2}.Debug|Any CPU.ActiveCfg = Debug|Any CPU
		{C02E0CC6-2B61-4DAA-8E97-E6274E860EB2}.Debug|Any CPU.Build.0 = Debug|Any CPU
		{C02E0CC6-2B61-4DAA-8E97-E6274E860EB2}.Release|Any CPU.ActiveCfg = Release|Any CPU
		{C02E0CC6-2B61-4DAA-8E97-E6274E860EB2}.Release|Any CPU.Build.0 = Release|Any CPU
		{B2715439-71EE-44E9-8FE6-619CA2BA78A6}.Debug|Any CPU.ActiveCfg = Debug|Any CPU
		{B2715439-71EE-44E9-8FE6-619CA2BA78A6}.Debug|Any CPU.Build.0 = Debug|Any CPU
		{B2715439-71EE-44E9-8FE6-619CA2BA78A6}.Release|Any CPU.ActiveCfg = Release|Any CPU
		{B2715439-71EE-44E9-8FE6-619CA2BA78A6}.Release|Any CPU.Build.0 = Release|Any CPU
		{EA3CA3B4-D1ED-4330-A87F-23B0F67F6563}.Debug|Any CPU.ActiveCfg = Debug|Any CPU
		{EA3CA3B4-D1ED-4330-A87F-23B0F67F6563}.Debug|Any CPU.Build.0 = Debug|Any CPU
		{EA3CA3B4-D1ED-4330-A87F-23B0F67F6563}.Release|Any CPU.ActiveCfg = Release|Any CPU
		{EA3CA3B4-D1ED-4330-A87F-23B0F67F6563}.Release|Any CPU.Build.0 = Release|Any CPU
		{398C120A-3DD6-41D6-B330-FDE3678E0A93}.Debug|Any CPU.ActiveCfg = Debug|Any CPU
		{398C120A-3DD6-41D6-B330-FDE3678E0A93}.Debug|Any CPU.Build.0 = Debug|Any CPU
		{398C120A-3DD6-41D6-B330-FDE3678E0A93}.Release|Any CPU.ActiveCfg = Release|Any CPU
		{398C120A-3DD6-41D6-B330-FDE3678E0A93}.Release|Any CPU.Build.0 = Release|Any CPU
		{146189FA-CD99-41D0-8068-0D975A4107F2}.Debug|Any CPU.ActiveCfg = Debug|Any CPU
		{146189FA-CD99-41D0-8068-0D975A4107F2}.Debug|Any CPU.Build.0 = Debug|Any CPU
		{146189FA-CD99-41D0-8068-0D975A4107F2}.Release|Any CPU.ActiveCfg = Release|Any CPU
		{146189FA-CD99-41D0-8068-0D975A4107F2}.Release|Any CPU.Build.0 = Release|Any CPU
		{30FF5666-BA6F-40E0-B3AB-2E9F721FAD05}.Debug|Any CPU.ActiveCfg = Debug|Any CPU
		{30FF5666-BA6F-40E0-B3AB-2E9F721FAD05}.Debug|Any CPU.Build.0 = Debug|Any CPU
		{30FF5666-BA6F-40E0-B3AB-2E9F721FAD05}.Release|Any CPU.ActiveCfg = Release|Any CPU
		{30FF5666-BA6F-40E0-B3AB-2E9F721FAD05}.Release|Any CPU.Build.0 = Release|Any CPU
		{DC38565B-CD56-46EA-8534-A117AA2CA81E}.Debug|Any CPU.ActiveCfg = Debug|Any CPU
		{DC38565B-CD56-46EA-8534-A117AA2CA81E}.Debug|Any CPU.Build.0 = Debug|Any CPU
		{DC38565B-CD56-46EA-8534-A117AA2CA81E}.Release|Any CPU.ActiveCfg = Release|Any CPU
		{DC38565B-CD56-46EA-8534-A117AA2CA81E}.Release|Any CPU.Build.0 = Release|Any CPU
		{B81D62B3-2886-4045-B2B9-7EB5C6DF5E7C}.Debug|Any CPU.ActiveCfg = Debug|Any CPU
		{B81D62B3-2886-4045-B2B9-7EB5C6DF5E7C}.Debug|Any CPU.Build.0 = Debug|Any CPU
		{B81D62B3-2886-4045-B2B9-7EB5C6DF5E7C}.Release|Any CPU.ActiveCfg = Release|Any CPU
		{B81D62B3-2886-4045-B2B9-7EB5C6DF5E7C}.Release|Any CPU.Build.0 = Release|Any CPU
	EndGlobalSection
	GlobalSection(SolutionProperties) = preSolution
		HideSolutionNode = FALSE
	EndGlobalSection
	GlobalSection(NestedProjects) = preSolution
		{433F354B-9689-4BA3-AF79-2CDCEF509839} = {48F8FF84-F5B8-4000-9855-0A2758973972}
		{BCFFDEDE-E680-4C0B-A379-2E2D6F8BF54D} = {48F8FF84-F5B8-4000-9855-0A2758973972}
		{17C38F70-FF04-4981-975B-FD203EA332C3} = {48F8FF84-F5B8-4000-9855-0A2758973972}
		{916336B6-C2B0-4440-B2C7-369DFCED1BCE} = {48F8FF84-F5B8-4000-9855-0A2758973972}
		{673202E4-97BC-4503-9064-8FFAD5098286} = {48F8FF84-F5B8-4000-9855-0A2758973972}
		{3BC1A85C-6EB3-4045-9F7A-81CDF7101189} = {16E2505E-C8AB-4C4E-85C1-B9FC79E94508}
		{6A1714CD-77C2-4EB3-8E0E-FC63E04B9050} = {16E2505E-C8AB-4C4E-85C1-B9FC79E94508}
		{5A2E2F0B-3C28-49EB-9724-54350C3AF609} = {16E2505E-C8AB-4C4E-85C1-B9FC79E94508}
		{37CA6D09-4645-46F1-8346-37129F0A3AE0} = {16E2505E-C8AB-4C4E-85C1-B9FC79E94508}
		{53258043-EAED-49F7-AA84-C13D37A8BA49} = {16E2505E-C8AB-4C4E-85C1-B9FC79E94508}
		{F5CCAEC1-69F9-4DD4-9321-F94A48342F84} = {7E9A25BC-1908-427D-948E-CDD14C6A3429}
		{C02E0CC6-2B61-4DAA-8E97-E6274E860EB2} = {7E9A25BC-1908-427D-948E-CDD14C6A3429}
		{B2715439-71EE-44E9-8FE6-619CA2BA78A6} = {7E9A25BC-1908-427D-948E-CDD14C6A3429}
		{EA3CA3B4-D1ED-4330-A87F-23B0F67F6563} = {7E9A25BC-1908-427D-948E-CDD14C6A3429}
		{398C120A-3DD6-41D6-B330-FDE3678E0A93} = {00C6BBA2-625F-4854-BC5D-495A48D4C7AB}
		{146189FA-CD99-41D0-8068-0D975A4107F2} = {00C6BBA2-625F-4854-BC5D-495A48D4C7AB}
		{30FF5666-BA6F-40E0-B3AB-2E9F721FAD05} = {00C6BBA2-625F-4854-BC5D-495A48D4C7AB}
		{DC38565B-CD56-46EA-8534-A117AA2CA81E} = {00C6BBA2-625F-4854-BC5D-495A48D4C7AB}
		{B81D62B3-2886-4045-B2B9-7EB5C6DF5E7C} = {C03EAB8E-5EA8-4DD1-A356-CD9DF0B44E47}
	EndGlobalSection
	GlobalSection(ExtensibilityGlobals) = postSolution
		SolutionGuid = {1482D336-0780-4F79-9B2D-3C67771BA9B9}
	EndGlobalSection
EndGlobal
